
Microsoft Visual Studio Solution File, Format Version 12.00
# Visual Studio 2013
VisualStudioVersion = 12.0.31101.0
MinimumVisualStudioVersion = 10.0.40219.1
Project("{8BC9CEB8-8B4A-11D0-8D11-00A0C91BC942}") = "ask-vm-and-run", "ask-vm-and-run\ask-vm-and-run.vcxproj", "{8EAF1454-A937-45A7-ABAC-2C1C9258903B}"
EndProject
Project("{8BC9CEB8-8B4A-11D0-8D11-00A0C91BC942}") = "network-setup", "network-setup\network-setup.vcxproj", "{68BC4C47-BC74-45B8-A83E-AE8E92206B23}"
EndProject
Project("{8BC9CEB8-8B4A-11D0-8D11-00A0C91BC942}") = "prepare-volume", "prepare-volume\prepare-volume.vcxproj", "{FBF4EEC5-B31D-4F4E-A553-AE878DC1A081}"
EndProject
Project("{8BC9CEB8-8B4A-11D0-8D11-00A0C91BC942}") = "qrexec-agent", "qrexec-agent\qrexec-agent.vcxproj", "{9A0CF2E9-26F7-444F-AE5E-537D36A0553A}"
EndProject
Global
	GlobalSection(SolutionConfigurationPlatforms) = preSolution
		Debug|Win32 = Debug|Win32
		Debug|x64 = Debug|x64
		Release|Win32 = Release|Win32
		Release|x64 = Release|x64
	EndGlobalSection
	GlobalSection(ProjectConfigurationPlatforms) = postSolution
		{8EAF1454-A937-45A7-ABAC-2C1C9258903B}.Debug|Win32.ActiveCfg = Debug|Win32
		{8EAF1454-A937-45A7-ABAC-2C1C9258903B}.Debug|Win32.Build.0 = Debug|Win32
		{8EAF1454-A937-45A7-ABAC-2C1C9258903B}.Debug|x64.ActiveCfg = Debug|x64
		{8EAF1454-A937-45A7-ABAC-2C1C9258903B}.Debug|x64.Build.0 = Debug|x64
		{8EAF1454-A937-45A7-ABAC-2C1C9258903B}.Release|Win32.ActiveCfg = Release|Win32
		{8EAF1454-A937-45A7-ABAC-2C1C9258903B}.Release|Win32.Build.0 = Release|Win32
		{8EAF1454-A937-45A7-ABAC-2C1C9258903B}.Release|x64.ActiveCfg = Release|x64
		{8EAF1454-A937-45A7-ABAC-2C1C9258903B}.Release|x64.Build.0 = Release|x64
		{68BC4C47-BC74-45B8-A83E-AE8E92206B23}.Debug|Win32.ActiveCfg = Debug|Win32
		{68BC4C47-BC74-45B8-A83E-AE8E92206B23}.Debug|Win32.Build.0 = Debug|Win32
		{68BC4C47-BC74-45B8-A83E-AE8E92206B23}.Debug|Win32.Deploy.0 = Debug|Win32
		{68BC4C47-BC74-45B8-A83E-AE8E92206B23}.Debug|x64.ActiveCfg = Debug|x64
		{68BC4C47-BC74-45B8-A83E-AE8E92206B23}.Debug|x64.Build.0 = Debug|x64
		{68BC4C47-BC74-45B8-A83E-AE8E92206B23}.Release|Win32.ActiveCfg = Release|Win32
		{68BC4C47-BC74-45B8-A83E-AE8E92206B23}.Release|Win32.Build.0 = Release|Win32
		{68BC4C47-BC74-45B8-A83E-AE8E92206B23}.Release|Win32.Deploy.0 = Release|Win32
		{68BC4C47-BC74-45B8-A83E-AE8E92206B23}.Release|x64.ActiveCfg = Release|x64
		{68BC4C47-BC74-45B8-A83E-AE8E92206B23}.Release|x64.Build.0 = Release|x64
		{FBF4EEC5-B31D-4F4E-A553-AE878DC1A081}.Debug|Win32.ActiveCfg = Debug|Win32
		{FBF4EEC5-B31D-4F4E-A553-AE878DC1A081}.Debug|Win32.Build.0 = Debug|Win32
		{FBF4EEC5-B31D-4F4E-A553-AE878DC1A081}.Debug|x64.ActiveCfg = Debug|x64
		{FBF4EEC5-B31D-4F4E-A553-AE878DC1A081}.Debug|x64.Build.0 = Debug|x64
		{FBF4EEC5-B31D-4F4E-A553-AE878DC1A081}.Release|Win32.ActiveCfg = Release|Win32
		{FBF4EEC5-B31D-4F4E-A553-AE878DC1A081}.Release|Win32.Build.0 = Release|Win32
		{FBF4EEC5-B31D-4F4E-A553-AE878DC1A081}.Release|x64.ActiveCfg = Release|x64
		{FBF4EEC5-B31D-4F4E-A553-AE878DC1A081}.Release|x64.Build.0 = Release|x64
		{9A0CF2E9-26F7-444F-AE5E-537D36A0553A}.Debug|Win32.ActiveCfg = Debug|Win32
		{9A0CF2E9-26F7-444F-AE5E-537D36A0553A}.Debug|Win32.Build.0 = Debug|Win32
		{9A0CF2E9-26F7-444F-AE5E-537D36A0553A}.Debug|x64.ActiveCfg = Debug|x64
		{9A0CF2E9-26F7-444F-AE5E-537D36A0553A}.Debug|x64.Build.0 = Debug|x64
		{9A0CF2E9-26F7-444F-AE5E-537D36A0553A}.Release|Win32.ActiveCfg = Release|Win32
		{9A0CF2E9-26F7-444F-AE5E-537D36A0553A}.Release|Win32.Build.0 = Release|Win32
		{9A0CF2E9-26F7-444F-AE5E-537D36A0553A}.Release|x64.ActiveCfg = Release|x64
		{9A0CF2E9-26F7-444F-AE5E-537D36A0553A}.Release|x64.Build.0 = Release|x64
	EndGlobalSection
	GlobalSection(SolutionProperties) = preSolution
		HideSolutionNode = FALSE
	EndGlobalSection
EndGlobal
