
Microsoft Visual Studio Solution File, Format Version 12.00
# Visual Studio Version 17
VisualStudioVersion = 17.6.33723.286
MinimumVisualStudioVersion = 10.0.40219.1
Project("{8BC9CEB8-8B4A-11D0-8D11-00A0C91BC942}") = "qrexec-agent", "qrexec-agent\qrexec-agent.vcxproj", "{C5293A35-58E1-4BCB-8BC7-8D0BE9503D97}"
EndProject
Project("{8BC9CEB8-8B4A-11D0-8D11-00A0C91BC942}") = "advertise-tools", "advertise-tools\advertise-tools.vcxproj", "{2370A07A-AEEB-4375-9E61-A986607D986A}"
	ProjectSection(ProjectDependencies) = postProject
		{C5293A35-58E1-4BCB-8BC7-8D0BE9503D97} = {C5293A35-58E1-4BCB-8BC7-8D0BE9503D97}
	EndProjectSection
EndProject
Project("{8BC9CEB8-8B4A-11D0-8D11-00A0C91BC942}") = "network-setup", "network-setup\network-setup.vcxproj", "{5D0859E7-D37C-4A31-B671-75093351474D}"
	ProjectSection(ProjectDependencies) = postProject
		{C5293A35-58E1-4BCB-8BC7-8D0BE9503D97} = {C5293A35-58E1-4BCB-8BC7-8D0BE9503D97}
	EndProjectSection
EndProject
Project("{8BC9CEB8-8B4A-11D0-8D11-00A0C91BC942}") = "qrexec-client-vm", "qrexec-client-vm\qrexec-client-vm.vcxproj", "{CCBBEACD-F536-41E4-A10F-87E6271723E0}"
	ProjectSection(ProjectDependencies) = postProject
		{C5293A35-58E1-4BCB-8BC7-8D0BE9503D97} = {C5293A35-58E1-4BCB-8BC7-8D0BE9503D97}
	EndProjectSection
EndProject
Project("{8BC9CEB8-8B4A-11D0-8D11-00A0C91BC942}") = "qrexec-wrapper", "qrexec-wrapper\qrexec-wrapper.vcxproj", "{AC3F4370-1B6A-4F11-8860-D932ECBDEED9}"
	ProjectSection(ProjectDependencies) = postProject
		{C5293A35-58E1-4BCB-8BC7-8D0BE9503D97} = {C5293A35-58E1-4BCB-8BC7-8D0BE9503D97}
	EndProjectSection
EndProject
Project("{8BC9CEB8-8B4A-11D0-8D11-00A0C91BC942}") = "prepare-volume", "prepare-volume\prepare-volume.vcxproj", "{2D0C1455-C66A-4FFB-8584-67A9265FFE9A}"
	ProjectSection(ProjectDependencies) = postProject
		{C5293A35-58E1-4BCB-8BC7-8D0BE9503D97} = {C5293A35-58E1-4BCB-8BC7-8D0BE9503D97}
	EndProjectSection
EndProject
Project("{8BC9CEB8-8B4A-11D0-8D11-00A0C91BC942}") = "relocate-dir", "relocate-dir\relocate-dir.vcxproj", "{FA1DE025-C52D-4088-A52C-4E298B445256}"
	ProjectSection(ProjectDependencies) = postProject
		{C5293A35-58E1-4BCB-8BC7-8D0BE9503D97} = {C5293A35-58E1-4BCB-8BC7-8D0BE9503D97}
	EndProjectSection
EndProject
Project("{2150E333-8FDC-42A3-9474-1A3956D46DE8}") = "qubes-rpc-services", "qubes-rpc-services", "{1F556433-3D35-4D84-8967-13A5D0D6D852}"
EndProject
Project("{8BC9CEB8-8B4A-11D0-8D11-00A0C91BC942}") = "clipboard-copy", "qubes-rpc-services\clipboard-copy\clipboard-copy.vcxproj", "{DBA888E0-F486-41C5-AF4D-B4FD04330082}"
	ProjectSection(ProjectDependencies) = postProject
		{C5293A35-58E1-4BCB-8BC7-8D0BE9503D97} = {C5293A35-58E1-4BCB-8BC7-8D0BE9503D97}
	EndProjectSection
EndProject
Project("{8BC9CEB8-8B4A-11D0-8D11-00A0C91BC942}") = "clipboard-paste", "qubes-rpc-services\clipboard-paste\clipboard-paste.vcxproj", "{0EE088EA-130B-4715-842E-9F6FB8409288}"
	ProjectSection(ProjectDependencies) = postProject
		{C5293A35-58E1-4BCB-8BC7-8D0BE9503D97} = {C5293A35-58E1-4BCB-8BC7-8D0BE9503D97}
	EndProjectSection
EndProject
Project("{8BC9CEB8-8B4A-11D0-8D11-00A0C91BC942}") = "file-receiver", "qubes-rpc-services\file-receiver\file-receiver.vcxproj", "{F43D0469-AAF0-4278-A39A-80063D679DA0}"
	ProjectSection(ProjectDependencies) = postProject
		{C5293A35-58E1-4BCB-8BC7-8D0BE9503D97} = {C5293A35-58E1-4BCB-8BC7-8D0BE9503D97}
	EndProjectSection
EndProject
Project("{8BC9CEB8-8B4A-11D0-8D11-00A0C91BC942}") = "file-sender", "qubes-rpc-services\file-sender\file-sender.vcxproj", "{7AFF0AAD-4FBE-4FF2-AA98-1984A944F343}"
	ProjectSection(ProjectDependencies) = postProject
		{C5293A35-58E1-4BCB-8BC7-8D0BE9503D97} = {C5293A35-58E1-4BCB-8BC7-8D0BE9503D97}
	EndProjectSection
EndProject
Project("{8BC9CEB8-8B4A-11D0-8D11-00A0C91BC942}") = "get-image-rgba", "qubes-rpc-services\get-image-rgba\get-image-rgba.vcxproj", "{AD828571-1DD7-45FD-B5C2-907DE485F39B}"
	ProjectSection(ProjectDependencies) = postProject
		{C5293A35-58E1-4BCB-8BC7-8D0BE9503D97} = {C5293A35-58E1-4BCB-8BC7-8D0BE9503D97}
	EndProjectSection
EndProject
Project("{8BC9CEB8-8B4A-11D0-8D11-00A0C91BC942}") = "open-in-vm", "qubes-rpc-services\open-in-vm\open-in-vm.vcxproj", "{13FBD724-6908-4ABB-AB6D-0EC76B732DF4}"
	ProjectSection(ProjectDependencies) = postProject
		{C5293A35-58E1-4BCB-8BC7-8D0BE9503D97} = {C5293A35-58E1-4BCB-8BC7-8D0BE9503D97}
	EndProjectSection
EndProject
Project("{8BC9CEB8-8B4A-11D0-8D11-00A0C91BC942}") = "open-url", "qubes-rpc-services\open-url\open-url.vcxproj", "{F5240B13-827B-42C9-9A9B-C2435648BB43}"
	ProjectSection(ProjectDependencies) = postProject
		{C5293A35-58E1-4BCB-8BC7-8D0BE9503D97} = {C5293A35-58E1-4BCB-8BC7-8D0BE9503D97}
	EndProjectSection
EndProject
Project("{8BC9CEB8-8B4A-11D0-8D11-00A0C91BC942}") = "set-gui-mode", "qubes-rpc-services\set-gui-mode\set-gui-mode.vcxproj", "{9556A5D1-B82A-47BC-8050-A116EE418530}"
	ProjectSection(ProjectDependencies) = postProject
		{C5293A35-58E1-4BCB-8BC7-8D0BE9503D97} = {C5293A35-58E1-4BCB-8BC7-8D0BE9503D97}
	EndProjectSection
EndProject
Project("{8BC9CEB8-8B4A-11D0-8D11-00A0C91BC942}") = "vm-file-editor", "qubes-rpc-services\vm-file-editor\vm-file-editor.vcxproj", "{4A83998D-0C62-4A6E-98AC-7C7E009A6693}"
	ProjectSection(ProjectDependencies) = postProject
		{C5293A35-58E1-4BCB-8BC7-8D0BE9503D97} = {C5293A35-58E1-4BCB-8BC7-8D0BE9503D97}
	EndProjectSection
EndProject
Project("{8BC9CEB8-8B4A-11D0-8D11-00A0C91BC942}") = "wait-for-logon", "qubes-rpc-services\wait-for-logon\wait-for-logon.vcxproj", "{AF84F8F2-E5B4-41DD-BED5-5B19D96F0A02}"
	ProjectSection(ProjectDependencies) = postProject
		{C5293A35-58E1-4BCB-8BC7-8D0BE9503D97} = {C5293A35-58E1-4BCB-8BC7-8D0BE9503D97}
	EndProjectSection
EndProject
Global
	GlobalSection(SolutionConfigurationPlatforms) = preSolution
		Debug|x64 = Debug|x64
		Release|x64 = Release|x64
	EndGlobalSection
	GlobalSection(ProjectConfigurationPlatforms) = postSolution
		{C5293A35-58E1-4BCB-8BC7-8D0BE9503D97}.Debug|x64.ActiveCfg = Debug|x64
		{C5293A35-58E1-4BCB-8BC7-8D0BE9503D97}.Debug|x64.Build.0 = Debug|x64
		{C5293A35-58E1-4BCB-8BC7-8D0BE9503D97}.Release|x64.ActiveCfg = Release|x64
		{C5293A35-58E1-4BCB-8BC7-8D0BE9503D97}.Release|x64.Build.0 = Release|x64
		{2370A07A-AEEB-4375-9E61-A986607D986A}.Debug|x64.ActiveCfg = Debug|x64
		{2370A07A-AEEB-4375-9E61-A986607D986A}.Debug|x64.Build.0 = Debug|x64
		{2370A07A-AEEB-4375-9E61-A986607D986A}.Release|x64.ActiveCfg = Release|x64
		{2370A07A-AEEB-4375-9E61-A986607D986A}.Release|x64.Build.0 = Release|x64
		{5D0859E7-D37C-4A31-B671-75093351474D}.Debug|x64.ActiveCfg = Debug|x64
		{5D0859E7-D37C-4A31-B671-75093351474D}.Debug|x64.Build.0 = Debug|x64
		{5D0859E7-D37C-4A31-B671-75093351474D}.Release|x64.ActiveCfg = Release|x64
		{5D0859E7-D37C-4A31-B671-75093351474D}.Release|x64.Build.0 = Release|x64
		{CCBBEACD-F536-41E4-A10F-87E6271723E0}.Debug|x64.ActiveCfg = Debug|x64
		{CCBBEACD-F536-41E4-A10F-87E6271723E0}.Debug|x64.Build.0 = Debug|x64
		{CCBBEACD-F536-41E4-A10F-87E6271723E0}.Release|x64.ActiveCfg = Release|x64
		{CCBBEACD-F536-41E4-A10F-87E6271723E0}.Release|x64.Build.0 = Release|x64
		{AC3F4370-1B6A-4F11-8860-D932ECBDEED9}.Debug|x64.ActiveCfg = Debug|x64
		{AC3F4370-1B6A-4F11-8860-D932ECBDEED9}.Debug|x64.Build.0 = Debug|x64
		{AC3F4370-1B6A-4F11-8860-D932ECBDEED9}.Release|x64.ActiveCfg = Release|x64
		{AC3F4370-1B6A-4F11-8860-D932ECBDEED9}.Release|x64.Build.0 = Release|x64
		{2D0C1455-C66A-4FFB-8584-67A9265FFE9A}.Debug|x64.ActiveCfg = Debug|x64
		{2D0C1455-C66A-4FFB-8584-67A9265FFE9A}.Debug|x64.Build.0 = Debug|x64
		{2D0C1455-C66A-4FFB-8584-67A9265FFE9A}.Release|x64.ActiveCfg = Release|x64
		{2D0C1455-C66A-4FFB-8584-67A9265FFE9A}.Release|x64.Build.0 = Release|x64
		{FA1DE025-C52D-4088-A52C-4E298B445256}.Debug|x64.ActiveCfg = Debug|x64
		{FA1DE025-C52D-4088-A52C-4E298B445256}.Debug|x64.Build.0 = Debug|x64
		{FA1DE025-C52D-4088-A52C-4E298B445256}.Release|x64.ActiveCfg = Release|x64
		{FA1DE025-C52D-4088-A52C-4E298B445256}.Release|x64.Build.0 = Release|x64
		{DBA888E0-F486-41C5-AF4D-B4FD04330082}.Debug|x64.ActiveCfg = Debug|x64
		{DBA888E0-F486-41C5-AF4D-B4FD04330082}.Debug|x64.Build.0 = Debug|x64
		{DBA888E0-F486-41C5-AF4D-B4FD04330082}.Release|x64.ActiveCfg = Release|x64
		{DBA888E0-F486-41C5-AF4D-B4FD04330082}.Release|x64.Build.0 = Release|x64
		{0EE088EA-130B-4715-842E-9F6FB8409288}.Debug|x64.ActiveCfg = Debug|x64
		{0EE088EA-130B-4715-842E-9F6FB8409288}.Debug|x64.Build.0 = Debug|x64
		{0EE088EA-130B-4715-842E-9F6FB8409288}.Release|x64.ActiveCfg = Release|x64
		{0EE088EA-130B-4715-842E-9F6FB8409288}.Release|x64.Build.0 = Release|x64
		{F43D0469-AAF0-4278-A39A-80063D679DA0}.Debug|x64.ActiveCfg = Debug|x64
		{F43D0469-AAF0-4278-A39A-80063D679DA0}.Debug|x64.Build.0 = Debug|x64
		{F43D0469-AAF0-4278-A39A-80063D679DA0}.Release|x64.ActiveCfg = Release|x64
		{F43D0469-AAF0-4278-A39A-80063D679DA0}.Release|x64.Build.0 = Release|x64
		{7AFF0AAD-4FBE-4FF2-AA98-1984A944F343}.Debug|x64.ActiveCfg = Debug|x64
		{7AFF0AAD-4FBE-4FF2-AA98-1984A944F343}.Debug|x64.Build.0 = Debug|x64
		{7AFF0AAD-4FBE-4FF2-AA98-1984A944F343}.Release|x64.ActiveCfg = Release|x64
		{7AFF0AAD-4FBE-4FF2-AA98-1984A944F343}.Release|x64.Build.0 = Release|x64
		{AD828571-1DD7-45FD-B5C2-907DE485F39B}.Debug|x64.ActiveCfg = Debug|x64
		{AD828571-1DD7-45FD-B5C2-907DE485F39B}.Debug|x64.Build.0 = Debug|x64
		{AD828571-1DD7-45FD-B5C2-907DE485F39B}.Release|x64.ActiveCfg = Release|x64
		{AD828571-1DD7-45FD-B5C2-907DE485F39B}.Release|x64.Build.0 = Release|x64
		{13FBD724-6908-4ABB-AB6D-0EC76B732DF4}.Debug|x64.ActiveCfg = Debug|x64
		{13FBD724-6908-4ABB-AB6D-0EC76B732DF4}.Debug|x64.Build.0 = Debug|x64
		{13FBD724-6908-4ABB-AB6D-0EC76B732DF4}.Release|x64.ActiveCfg = Release|x64
		{13FBD724-6908-4ABB-AB6D-0EC76B732DF4}.Release|x64.Build.0 = Release|x64
		{F5240B13-827B-42C9-9A9B-C2435648BB43}.Debug|x64.ActiveCfg = Debug|x64
		{F5240B13-827B-42C9-9A9B-C2435648BB43}.Debug|x64.Build.0 = Debug|x64
		{F5240B13-827B-42C9-9A9B-C2435648BB43}.Release|x64.ActiveCfg = Release|x64
		{F5240B13-827B-42C9-9A9B-C2435648BB43}.Release|x64.Build.0 = Release|x64
		{9556A5D1-B82A-47BC-8050-A116EE418530}.Debug|x64.ActiveCfg = Debug|x64
		{9556A5D1-B82A-47BC-8050-A116EE418530}.Debug|x64.Build.0 = Debug|x64
		{9556A5D1-B82A-47BC-8050-A116EE418530}.Release|x64.ActiveCfg = Release|x64
		{9556A5D1-B82A-47BC-8050-A116EE418530}.Release|x64.Build.0 = Release|x64
		{4A83998D-0C62-4A6E-98AC-7C7E009A6693}.Debug|x64.ActiveCfg = Debug|x64
		{4A83998D-0C62-4A6E-98AC-7C7E009A6693}.Debug|x64.Build.0 = Debug|x64
		{4A83998D-0C62-4A6E-98AC-7C7E009A6693}.Release|x64.ActiveCfg = Release|x64
		{4A83998D-0C62-4A6E-98AC-7C7E009A6693}.Release|x64.Build.0 = Release|x64
		{AF84F8F2-E5B4-41DD-BED5-5B19D96F0A02}.Debug|x64.ActiveCfg = Debug|x64
		{AF84F8F2-E5B4-41DD-BED5-5B19D96F0A02}.Debug|x64.Build.0 = Debug|x64
		{AF84F8F2-E5B4-41DD-BED5-5B19D96F0A02}.Release|x64.ActiveCfg = Release|x64
		{AF84F8F2-E5B4-41DD-BED5-5B19D96F0A02}.Release|x64.Build.0 = Release|x64
	EndGlobalSection
	GlobalSection(SolutionProperties) = preSolution
		HideSolutionNode = FALSE
	EndGlobalSection
	GlobalSection(NestedProjects) = preSolution
		{DBA888E0-F486-41C5-AF4D-B4FD04330082} = {1F556433-3D35-4D84-8967-13A5D0D6D852}
		{0EE088EA-130B-4715-842E-9F6FB8409288} = {1F556433-3D35-4D84-8967-13A5D0D6D852}
		{F43D0469-AAF0-4278-A39A-80063D679DA0} = {1F556433-3D35-4D84-8967-13A5D0D6D852}
		{7AFF0AAD-4FBE-4FF2-AA98-1984A944F343} = {1F556433-3D35-4D84-8967-13A5D0D6D852}
		{AD828571-1DD7-45FD-B5C2-907DE485F39B} = {1F556433-3D35-4D84-8967-13A5D0D6D852}
		{13FBD724-6908-4ABB-AB6D-0EC76B732DF4} = {1F556433-3D35-4D84-8967-13A5D0D6D852}
		{F5240B13-827B-42C9-9A9B-C2435648BB43} = {1F556433-3D35-4D84-8967-13A5D0D6D852}
		{9556A5D1-B82A-47BC-8050-A116EE418530} = {1F556433-3D35-4D84-8967-13A5D0D6D852}
		{4A83998D-0C62-4A6E-98AC-7C7E009A6693} = {1F556433-3D35-4D84-8967-13A5D0D6D852}
		{AF84F8F2-E5B4-41DD-BED5-5B19D96F0A02} = {1F556433-3D35-4D84-8967-13A5D0D6D852}
	EndGlobalSection
	GlobalSection(ExtensibilityGlobals) = postSolution
		SolutionGuid = {8B8C68D4-53CD-4B0C-9D38-5B25C44763B5}
	EndGlobalSection
EndGlobal
