<?xml version="1.0" encoding="utf-8"?>
<Project ToolsVersion="4.0" xmlns="http://schemas.microsoft.com/developer/msbuild/2003">
  <ItemGroup>
    <ClCompile Include="..\..\..\src\qubes-rpc-services\clipboard-paste\clipboard-paste.c" />
  </ItemGroup>
  <ItemGroup>
    <ResourceCompile Include="..\..\..\src\qubes-rpc-services\clipboard-paste\version.rc" />
  </ItemGroup>
</Project>